// !$*UTF8*$!
{
	archiveVersion = 1;
	classes = {
	};
	objectVersion = 56;
	objects = {

/* Begin PBXBuildFile section */
		D0235D082AD3EB4A004437B8 /* AppDelegate.swift in Sources */ = {isa = PBXBuildFile; fileRef = D0235D072AD3EB4A004437B8 /* AppDelegate.swift */; };
		D0235D0A2AD3EB4A004437B8 /* SceneDelegate.swift in Sources */ = {isa = PBXBuildFile; fileRef = D0235D092AD3EB4A004437B8 /* SceneDelegate.swift */; };
		D0235D0C2AD3EB4A004437B8 /* MainViewController.swift in Sources */ = {isa = PBXBuildFile; fileRef = D0235D0B2AD3EB4A004437B8 /* MainViewController.swift */; };
		D0235D0F2AD3EB4A004437B8 /* Main.storyboard in Resources */ = {isa = PBXBuildFile; fileRef = D0235D0D2AD3EB4A004437B8 /* Main.storyboard */; };
		D0235D112AD3EB4C004437B8 /* Assets.xcassets in Resources */ = {isa = PBXBuildFile; fileRef = D0235D102AD3EB4C004437B8 /* Assets.xcassets */; };
		D0235D142AD3EB4C004437B8 /* LaunchScreen.storyboard in Resources */ = {isa = PBXBuildFile; fileRef = D0235D122AD3EB4C004437B8 /* LaunchScreen.storyboard */; };
		D0235D222AD3F9BD004437B8 /* CollectionViewCell.swift in Sources */ = {isa = PBXBuildFile; fileRef = D0235D202AD3F9BD004437B8 /* CollectionViewCell.swift */; };
		D0235D232AD3F9BD004437B8 /* CollectionViewCell.xib in Resources */ = {isa = PBXBuildFile; fileRef = D0235D212AD3F9BD004437B8 /* CollectionViewCell.xib */; };
		D0235D252AD46BF5004437B8 /* SecondViewController.swift in Sources */ = {isa = PBXBuildFile; fileRef = D0235D242AD46BF5004437B8 /* SecondViewController.swift */; };
		D02C9F3E2AD7F361006AF521 /* TimeCollectionViewCell.swift in Sources */ = {isa = PBXBuildFile; fileRef = D02C9F3C2AD7F361006AF521 /* TimeCollectionViewCell.swift */; };
		D02C9F3F2AD7F361006AF521 /* TimeCollectionViewCell.xib in Resources */ = {isa = PBXBuildFile; fileRef = D02C9F3D2AD7F361006AF521 /* TimeCollectionViewCell.xib */; };
		D03BCC332ADDBC7B00AF9B4F /* Weather.swift in Sources */ = {isa = PBXBuildFile; fileRef = D03BCC322ADDBC7B00AF9B4F /* Weather.swift */; };
		D0F7ACEA2ADD1FE5005DECA6 /* DayCollectionViewCell.swift in Sources */ = {isa = PBXBuildFile; fileRef = D0F7ACE82ADD1FE5005DECA6 /* DayCollectionViewCell.swift */; };
		D0F7ACEB2ADD1FE5005DECA6 /* DayCollectionViewCell.xib in Resources */ = {isa = PBXBuildFile; fileRef = D0F7ACE92ADD1FE5005DECA6 /* DayCollectionViewCell.xib */; };
		D0F7ACEE2ADD2C4C005DECA6 /* moreInfoCollectionViewCell.swift in Sources */ = {isa = PBXBuildFile; fileRef = D0F7ACEC2ADD2C4C005DECA6 /* moreInfoCollectionViewCell.swift */; };
		D0F7ACEF2ADD2C4C005DECA6 /* moreInfoCollectionViewCell.xib in Resources */ = {isa = PBXBuildFile; fileRef = D0F7ACED2ADD2C4C005DECA6 /* moreInfoCollectionViewCell.xib */; };
/* End PBXBuildFile section */

/* Begin PBXFileReference section */
		D0235D042AD3EB4A004437B8 /* WeatherCheck.app */ = {isa = PBXFileReference; explicitFileType = wrapper.application; includeInIndex = 0; path = WeatherCheck.app; sourceTree = BUILT_PRODUCTS_DIR; };
		D0235D072AD3EB4A004437B8 /* AppDelegate.swift */ = {isa = PBXFileReference; lastKnownFileType = sourcecode.swift; path = AppDelegate.swift; sourceTree = "<group>"; };
		D0235D092AD3EB4A004437B8 /* SceneDelegate.swift */ = {isa = PBXFileReference; lastKnownFileType = sourcecode.swift; path = SceneDelegate.swift; sourceTree = "<group>"; };
		D0235D0B2AD3EB4A004437B8 /* MainViewController.swift */ = {isa = PBXFileReference; lastKnownFileType = sourcecode.swift; path = MainViewController.swift; sourceTree = "<group>"; };
		D0235D0E2AD3EB4A004437B8 /* Base */ = {isa = PBXFileReference; lastKnownFileType = file.storyboard; name = Base; path = Base.lproj/Main.storyboard; sourceTree = "<group>"; };
		D0235D102AD3EB4C004437B8 /* Assets.xcassets */ = {isa = PBXFileReference; lastKnownFileType = folder.assetcatalog; path = Assets.xcassets; sourceTree = "<group>"; };
		D0235D132AD3EB4C004437B8 /* Base */ = {isa = PBXFileReference; lastKnownFileType = file.storyboard; name = Base; path = Base.lproj/LaunchScreen.storyboard; sourceTree = "<group>"; };
		D0235D152AD3EB4C004437B8 /* Info.plist */ = {isa = PBXFileReference; lastKnownFileType = text.plist.xml; path = Info.plist; sourceTree = "<group>"; };
		D0235D202AD3F9BD004437B8 /* CollectionViewCell.swift */ = {isa = PBXFileReference; lastKnownFileType = sourcecode.swift; path = CollectionViewCell.swift; sourceTree = "<group>"; };
		D0235D212AD3F9BD004437B8 /* CollectionViewCell.xib */ = {isa = PBXFileReference; lastKnownFileType = file.xib; path = CollectionViewCell.xib; sourceTree = "<group>"; };
		D0235D242AD46BF5004437B8 /* SecondViewController.swift */ = {isa = PBXFileReference; lastKnownFileType = sourcecode.swift; path = SecondViewController.swift; sourceTree = "<group>"; };
		D02C9F3C2AD7F361006AF521 /* TimeCollectionViewCell.swift */ = {isa = PBXFileReference; lastKnownFileType = sourcecode.swift; path = TimeCollectionViewCell.swift; sourceTree = "<group>"; };
		D02C9F3D2AD7F361006AF521 /* TimeCollectionViewCell.xib */ = {isa = PBXFileReference; lastKnownFileType = file.xib; path = TimeCollectionViewCell.xib; sourceTree = "<group>"; };
		D03BCC322ADDBC7B00AF9B4F /* Weather.swift */ = {isa = PBXFileReference; lastKnownFileType = sourcecode.swift; path = Weather.swift; sourceTree = "<group>"; };
		D0F7ACE82ADD1FE5005DECA6 /* DayCollectionViewCell.swift */ = {isa = PBXFileReference; lastKnownFileType = sourcecode.swift; path = DayCollectionViewCell.swift; sourceTree = "<group>"; };
		D0F7ACE92ADD1FE5005DECA6 /* DayCollectionViewCell.xib */ = {isa = PBXFileReference; lastKnownFileType = file.xib; path = DayCollectionViewCell.xib; sourceTree = "<group>"; };
		D0F7ACEC2ADD2C4C005DECA6 /* moreInfoCollectionViewCell.swift */ = {isa = PBXFileReference; lastKnownFileType = sourcecode.swift; path = moreInfoCollectionViewCell.swift; sourceTree = "<group>"; };
		D0F7ACED2ADD2C4C005DECA6 /* moreInfoCollectionViewCell.xib */ = {isa = PBXFileReference; lastKnownFileType = file.xib; path = moreInfoCollectionViewCell.xib; sourceTree = "<group>"; };
/* End PBXFileReference section */

/* Begin PBXFrameworksBuildPhase section */
		D0235D012AD3EB4A004437B8 /* Frameworks */ = {
			isa = PBXFrameworksBuildPhase;
			buildActionMask = 2147483647;
			files = (
			);
			runOnlyForDeploymentPostprocessing = 0;
		};
/* End PBXFrameworksBuildPhase section */

/* Begin PBXGroup section */
		D0235CFB2AD3EB4A004437B8 = {
			isa = PBXGroup;
			children = (
				D0235D062AD3EB4A004437B8 /* WeatherCheck */,
				D0235D052AD3EB4A004437B8 /* Products */,
			);
			sourceTree = "<group>";
		};
		D0235D052AD3EB4A004437B8 /* Products */ = {
			isa = PBXGroup;
			children = (
				D0235D042AD3EB4A004437B8 /* WeatherCheck.app */,
			);
			name = Products;
			sourceTree = "<group>";
		};
		D0235D062AD3EB4A004437B8 /* WeatherCheck */ = {
			isa = PBXGroup;
			children = (
				D0235D1F2AD3EC9C004437B8 /* Controller */,
				D0235D1E2AD3EC96004437B8 /* Model */,
				D0235D1D2AD3EC91004437B8 /* View */,
				D0235D1C2AD3EC8A004437B8 /* Resource */,
				D0235D1B2AD3EC7E004437B8 /* Application */,
			);
			path = WeatherCheck;
			sourceTree = "<group>";
		};
		D0235D1B2AD3EC7E004437B8 /* Application */ = {
			isa = PBXGroup;
			children = (
				D0235D092AD3EB4A004437B8 /* SceneDelegate.swift */,
				D0235D072AD3EB4A004437B8 /* AppDelegate.swift */,
			);
			path = Application;
			sourceTree = "<group>";
		};
		D0235D1C2AD3EC8A004437B8 /* Resource */ = {
			isa = PBXGroup;
			children = (
				D0235D102AD3EB4C004437B8 /* Assets.xcassets */,
				D0235D152AD3EB4C004437B8 /* Info.plist */,
			);
			path = Resource;
			sourceTree = "<group>";
		};
		D0235D1D2AD3EC91004437B8 /* View */ = {
			isa = PBXGroup;
			children = (
				D0235D0D2AD3EB4A004437B8 /* Main.storyboard */,
				D0235D122AD3EB4C004437B8 /* LaunchScreen.storyboard */,
				D0235D212AD3F9BD004437B8 /* CollectionViewCell.xib */,
				D02C9F3D2AD7F361006AF521 /* TimeCollectionViewCell.xib */,
				D0F7ACE92ADD1FE5005DECA6 /* DayCollectionViewCell.xib */,
				D0F7ACED2ADD2C4C005DECA6 /* moreInfoCollectionViewCell.xib */,
			);
			path = View;
			sourceTree = "<group>";
		};
		D0235D1E2AD3EC96004437B8 /* Model */ = {
			isa = PBXGroup;
			children = (
				D03BCC322ADDBC7B00AF9B4F /* Weather.swift */,
			);
			path = Model;
			sourceTree = "<group>";
		};
		D0235D1F2AD3EC9C004437B8 /* Controller */ = {
			isa = PBXGroup;
			children = (
				D0235D0B2AD3EB4A004437B8 /* MainViewController.swift */,
				D0235D242AD46BF5004437B8 /* SecondViewController.swift */,
				D0235D202AD3F9BD004437B8 /* CollectionViewCell.swift */,
				D02C9F3C2AD7F361006AF521 /* TimeCollectionViewCell.swift */,
				D0F7ACE82ADD1FE5005DECA6 /* DayCollectionViewCell.swift */,
				D0F7ACEC2ADD2C4C005DECA6 /* moreInfoCollectionViewCell.swift */,
			);
			path = Controller;
			sourceTree = "<group>";
		};
/* End PBXGroup section */

/* Begin PBXNativeTarget section */
		D0235D032AD3EB4A004437B8 /* WeatherCheck */ = {
			isa = PBXNativeTarget;
			buildConfigurationList = D0235D182AD3EB4C004437B8 /* Build configuration list for PBXNativeTarget "WeatherCheck" */;
			buildPhases = (
				D0235D002AD3EB4A004437B8 /* Sources */,
				D0235D012AD3EB4A004437B8 /* Frameworks */,
				D0235D022AD3EB4A004437B8 /* Resources */,
			);
			buildRules = (
			);
			dependencies = (
			);
			name = WeatherCheck;
			productName = WeatherCheck;
			productReference = D0235D042AD3EB4A004437B8 /* WeatherCheck.app */;
			productType = "com.apple.product-type.application";
		};
/* End PBXNativeTarget section */

/* Begin PBXProject section */
		D0235CFC2AD3EB4A004437B8 /* Project object */ = {
			isa = PBXProject;
			attributes = {
				BuildIndependentTargetsInParallel = 1;
				LastSwiftUpdateCheck = 1500;
				LastUpgradeCheck = 1500;
				TargetAttributes = {
					D0235D032AD3EB4A004437B8 = {
						CreatedOnToolsVersion = 15.0;
					};
				};
			};
			buildConfigurationList = D0235CFF2AD3EB4A004437B8 /* Build configuration list for PBXProject "WeatherCheck" */;
			compatibilityVersion = "Xcode 14.0";
			developmentRegion = en;
			hasScannedForEncodings = 0;
			knownRegions = (
				en,
				Base,
			);
			mainGroup = D0235CFB2AD3EB4A004437B8;
			productRefGroup = D0235D052AD3EB4A004437B8 /* Products */;
			projectDirPath = "";
			projectRoot = "";
			targets = (
				D0235D032AD3EB4A004437B8 /* WeatherCheck */,
			);
		};
/* End PBXProject section */

/* Begin PBXResourcesBuildPhase section */
		D0235D022AD3EB4A004437B8 /* Resources */ = {
			isa = PBXResourcesBuildPhase;
			buildActionMask = 2147483647;
			files = (
				D0235D142AD3EB4C004437B8 /* LaunchScreen.storyboard in Resources */,
				D0235D112AD3EB4C004437B8 /* Assets.xcassets in Resources */,
				D02C9F3F2AD7F361006AF521 /* TimeCollectionViewCell.xib in Resources */,
				D0F7ACEF2ADD2C4C005DECA6 /* moreInfoCollectionViewCell.xib in Resources */,
				D0F7ACEB2ADD1FE5005DECA6 /* DayCollectionViewCell.xib in Resources */,
				D0235D232AD3F9BD004437B8 /* CollectionViewCell.xib in Resources */,
				D0235D0F2AD3EB4A004437B8 /* Main.storyboard in Resources */,
			);
			runOnlyForDeploymentPostprocessing = 0;
		};
/* End PBXResourcesBuildPhase section */

/* Begin PBXSourcesBuildPhase section */
		D0235D002AD3EB4A004437B8 /* Sources */ = {
			isa = PBXSourcesBuildPhase;
			buildActionMask = 2147483647;
			files = (
				D0235D0C2AD3EB4A004437B8 /* MainViewController.swift in Sources */,
				D02C9F3E2AD7F361006AF521 /* TimeCollectionViewCell.swift in Sources */,
				D0F7ACEE2ADD2C4C005DECA6 /* moreInfoCollectionViewCell.swift in Sources */,
				D0235D082AD3EB4A004437B8 /* AppDelegate.swift in Sources */,
				D03BCC332ADDBC7B00AF9B4F /* Weather.swift in Sources */,
				D0235D222AD3F9BD004437B8 /* CollectionViewCell.swift in Sources */,
				D0F7ACEA2ADD1FE5005DECA6 /* DayCollectionViewCell.swift in Sources */,
				D0235D252AD46BF5004437B8 /* SecondViewController.swift in Sources */,
				D0235D0A2AD3EB4A004437B8 /* SceneDelegate.swift in Sources */,
			);
			runOnlyForDeploymentPostprocessing = 0;
		};
/* End PBXSourcesBuildPhase section */

/* Begin PBXVariantGroup section */
		D0235D0D2AD3EB4A004437B8 /* Main.storyboard */ = {
			isa = PBXVariantGroup;
			children = (
				D0235D0E2AD3EB4A004437B8 /* Base */,
			);
			name = Main.storyboard;
			sourceTree = "<group>";
		};
		D0235D122AD3EB4C004437B8 /* LaunchScreen.storyboard */ = {
			isa = PBXVariantGroup;
			children = (
				D0235D132AD3EB4C004437B8 /* Base */,
			);
			name = LaunchScreen.storyboard;
			sourceTree = "<group>";
		};
/* End PBXVariantGroup section */

/* Begin XCBuildConfiguration section */
		D0235D162AD3EB4C004437B8 /* Debug */ = {
			isa = XCBuildConfiguration;
			buildSettings = {
				ALWAYS_SEARCH_USER_PATHS = NO;
				ASSETCATALOG_COMPILER_GENERATE_SWIFT_ASSET_SYMBOL_EXTENSIONS = YES;
				CLANG_ANALYZER_NONNULL = YES;
				CLANG_ANALYZER_NUMBER_OBJECT_CONVERSION = YES_AGGRESSIVE;
				CLANG_CXX_LANGUAGE_STANDARD = "gnu++20";
				CLANG_ENABLE_MODULES = YES;
				CLANG_ENABLE_OBJC_ARC = YES;
				CLANG_ENABLE_OBJC_WEAK = YES;
				CLANG_WARN_BLOCK_CAPTURE_AUTORELEASING = YES;
				CLANG_WARN_BOOL_CONVERSION = YES;
				CLANG_WARN_COMMA = YES;
				CLANG_WARN_CONSTANT_CONVERSION = YES;
				CLANG_WARN_DEPRECATED_OBJC_IMPLEMENTATIONS = YES;
				CLANG_WARN_DIRECT_OBJC_ISA_USAGE = YES_ERROR;
				CLANG_WARN_DOCUMENTATION_COMMENTS = YES;
				CLANG_WARN_EMPTY_BODY = YES;
				CLANG_WARN_ENUM_CONVERSION = YES;
				CLANG_WARN_INFINITE_RECURSION = YES;
				CLANG_WARN_INT_CONVERSION = YES;
				CLANG_WARN_NON_LITERAL_NULL_CONVERSION = YES;
				CLANG_WARN_OBJC_IMPLICIT_RETAIN_SELF = YES;
				CLANG_WARN_OBJC_LITERAL_CONVERSION = YES;
				CLANG_WARN_OBJC_ROOT_CLASS = YES_ERROR;
				CLANG_WARN_QUOTED_INCLUDE_IN_FRAMEWORK_HEADER = YES;
				CLANG_WARN_RANGE_LOOP_ANALYSIS = YES;
				CLANG_WARN_STRICT_PROTOTYPES = YES;
				CLANG_WARN_SUSPICIOUS_MOVE = YES;
				CLANG_WARN_UNGUARDED_AVAILABILITY = YES_AGGRESSIVE;
				CLANG_WARN_UNREACHABLE_CODE = YES;
				CLANG_WARN__DUPLICATE_METHOD_MATCH = YES;
				COPY_PHASE_STRIP = NO;
				DEBUG_INFORMATION_FORMAT = dwarf;
				ENABLE_STRICT_OBJC_MSGSEND = YES;
				ENABLE_TESTABILITY = YES;
				ENABLE_USER_SCRIPT_SANDBOXING = YES;
				GCC_C_LANGUAGE_STANDARD = gnu17;
				GCC_DYNAMIC_NO_PIC = NO;
				GCC_NO_COMMON_BLOCKS = YES;
				GCC_OPTIMIZATION_LEVEL = 0;
				GCC_PREPROCESSOR_DEFINITIONS = (
					"DEBUG=1",
					"$(inherited)",
				);
				GCC_WARN_64_TO_32_BIT_CONVERSION = YES;
				GCC_WARN_ABOUT_RETURN_TYPE = YES_ERROR;
				GCC_WARN_UNDECLARED_SELECTOR = YES;
				GCC_WARN_UNINITIALIZED_AUTOS = YES_AGGRESSIVE;
				GCC_WARN_UNUSED_FUNCTION = YES;
				GCC_WARN_UNUSED_VARIABLE = YES;
				IPHONEOS_DEPLOYMENT_TARGET = 17.0;
				LOCALIZATION_PREFERS_STRING_CATALOGS = YES;
				MTL_ENABLE_DEBUG_INFO = INCLUDE_SOURCE;
				MTL_FAST_MATH = YES;
				ONLY_ACTIVE_ARCH = YES;
				SDKROOT = iphoneos;
				SWIFT_ACTIVE_COMPILATION_CONDITIONS = "DEBUG $(inherited)";
				SWIFT_OPTIMIZATION_LEVEL = "-Onone";
			};
			name = Debug;
		};
		D0235D172AD3EB4C004437B8 /* Release */ = {
			isa = XCBuildConfiguration;
			buildSettings = {
				ALWAYS_SEARCH_USER_PATHS = NO;
				ASSETCATALOG_COMPILER_GENERATE_SWIFT_ASSET_SYMBOL_EXTENSIONS = YES;
				CLANG_ANALYZER_NONNULL = YES;
				CLANG_ANALYZER_NUMBER_OBJECT_CONVERSION = YES_AGGRESSIVE;
				CLANG_CXX_LANGUAGE_STANDARD = "gnu++20";
				CLANG_ENABLE_MODULES = YES;
				CLANG_ENABLE_OBJC_ARC = YES;
				CLANG_ENABLE_OBJC_WEAK = YES;
				CLANG_WARN_BLOCK_CAPTURE_AUTORELEASING = YES;
				CLANG_WARN_BOOL_CONVERSION = YES;
				CLANG_WARN_COMMA = YES;
				CLANG_WARN_CONSTANT_CONVERSION = YES;
				CLANG_WARN_DEPRECATED_OBJC_IMPLEMENTATIONS = YES;
				CLANG_WARN_DIRECT_OBJC_ISA_USAGE = YES_ERROR;
				CLANG_WARN_DOCUMENTATION_COMMENTS = YES;
				CLANG_WARN_EMPTY_BODY = YES;
				CLANG_WARN_ENUM_CONVERSION = YES;
				CLANG_WARN_INFINITE_RECURSION = YES;
				CLANG_WARN_INT_CONVERSION = YES;
				CLANG_WARN_NON_LITERAL_NULL_CONVERSION = YES;
				CLANG_WARN_OBJC_IMPLICIT_RETAIN_SELF = YES;
				CLANG_WARN_OBJC_LITERAL_CONVERSION = YES;
				CLANG_WARN_OBJC_ROOT_CLASS = YES_ERROR;
				CLANG_WARN_QUOTED_INCLUDE_IN_FRAMEWORK_HEADER = YES;
				CLANG_WARN_RANGE_LOOP_ANALYSIS = YES;
				CLANG_WARN_STRICT_PROTOTYPES = YES;
				CLANG_WARN_SUSPICIOUS_MOVE = YES;
				CLANG_WARN_UNGUARDED_AVAILABILITY = YES_AGGRESSIVE;
				CLANG_WARN_UNREACHABLE_CODE = YES;
				CLANG_WARN__DUPLICATE_METHOD_MATCH = YES;
				COPY_PHASE_STRIP = NO;
				DEBUG_INFORMATION_FORMAT = "dwarf-with-dsym";
				ENABLE_NS_ASSERTIONS = NO;
				ENABLE_STRICT_OBJC_MSGSEND = YES;
				ENABLE_USER_SCRIPT_SANDBOXING = YES;
				GCC_C_LANGUAGE_STANDARD = gnu17;
				GCC_NO_COMMON_BLOCKS = YES;
				GCC_WARN_64_TO_32_BIT_CONVERSION = YES;
				GCC_WARN_ABOUT_RETURN_TYPE = YES_ERROR;
				GCC_WARN_UNDECLARED_SELECTOR = YES;
				GCC_WARN_UNINITIALIZED_AUTOS = YES_AGGRESSIVE;
				GCC_WARN_UNUSED_FUNCTION = YES;
				GCC_WARN_UNUSED_VARIABLE = YES;
				IPHONEOS_DEPLOYMENT_TARGET = 17.0;
				LOCALIZATION_PREFERS_STRING_CATALOGS = YES;
				MTL_ENABLE_DEBUG_INFO = NO;
				MTL_FAST_MATH = YES;
				SDKROOT = iphoneos;
				SWIFT_COMPILATION_MODE = wholemodule;
				VALIDATE_PRODUCT = YES;
			};
			name = Release;
		};
		D0235D192AD3EB4C004437B8 /* Debug */ = {
			isa = XCBuildConfiguration;
			buildSettings = {
				ASSETCATALOG_COMPILER_APPICON_NAME = AppIcon;
				ASSETCATALOG_COMPILER_GLOBAL_ACCENT_COLOR_NAME = AccentColor;
				CODE_SIGN_STYLE = Automatic;
				CURRENT_PROJECT_VERSION = 1;
				DEVELOPMENT_TEAM = 3Y9T7FAS4K;
				GENERATE_INFOPLIST_FILE = YES;
				INFOPLIST_FILE = WeatherCheck/Resource/Info.plist;
				INFOPLIST_KEY_UIApplicationSupportsIndirectInputEvents = YES;
				INFOPLIST_KEY_UILaunchStoryboardName = LaunchScreen;
				INFOPLIST_KEY_UIMainStoryboardFile = Main;
				INFOPLIST_KEY_UISupportedInterfaceOrientations_iPad = "UIInterfaceOrientationPortrait UIInterfaceOrientationPortraitUpsideDown UIInterfaceOrientationLandscapeLeft UIInterfaceOrientationLandscapeRight";
				INFOPLIST_KEY_UISupportedInterfaceOrientations_iPhone = "UIInterfaceOrientationPortrait UIInterfaceOrientationLandscapeLeft UIInterfaceOrientationLandscapeRight";
				LD_RUNPATH_SEARCH_PATHS = (
					"$(inherited)",
					"@executable_path/Frameworks",
				);
				MARKETING_VERSION = 1.0;
				PRODUCT_BUNDLE_IDENTIFIER = com.Jusbug.WeatherCheck;
				PRODUCT_NAME = "$(TARGET_NAME)";
				SWIFT_EMIT_LOC_STRINGS = YES;
				SWIFT_VERSION = 5.0;
				TARGETED_DEVICE_FAMILY = "1,2";
			};
			name = Debug;
		};
		D0235D1A2AD3EB4C004437B8 /* Release */ = {
			isa = XCBuildConfiguration;
			buildSettings = {
				ASSETCATALOG_COMPILER_APPICON_NAME = AppIcon;
				ASSETCATALOG_COMPILER_GLOBAL_ACCENT_COLOR_NAME = AccentColor;
				CODE_SIGN_STYLE = Automatic;
				CURRENT_PROJECT_VERSION = 1;
				DEVELOPMENT_TEAM = 3Y9T7FAS4K;
				GENERATE_INFOPLIST_FILE = YES;
				INFOPLIST_FILE = WeatherCheck/Resource/Info.plist;
				INFOPLIST_KEY_UIApplicationSupportsIndirectInputEvents = YES;
				INFOPLIST_KEY_UILaunchStoryboardName = LaunchScreen;
				INFOPLIST_KEY_UIMainStoryboardFile = Main;
				INFOPLIST_KEY_UISupportedInterfaceOrientations_iPad = "UIInterfaceOrientationPortrait UIInterfaceOrientationPortraitUpsideDown UIInterfaceOrientationLandscapeLeft UIInterfaceOrientationLandscapeRight";
				INFOPLIST_KEY_UISupportedInterfaceOrientations_iPhone = "UIInterfaceOrientationPortrait UIInterfaceOrientationLandscapeLeft UIInterfaceOrientationLandscapeRight";
				LD_RUNPATH_SEARCH_PATHS = (
					"$(inherited)",
					"@executable_path/Frameworks",
				);
				MARKETING_VERSION = 1.0;
				PRODUCT_BUNDLE_IDENTIFIER = com.Jusbug.WeatherCheck;
				PRODUCT_NAME = "$(TARGET_NAME)";
				SWIFT_EMIT_LOC_STRINGS = YES;
				SWIFT_VERSION = 5.0;
				TARGETED_DEVICE_FAMILY = "1,2";
			};
			name = Release;
		};
/* End XCBuildConfiguration section */

/* Begin XCConfigurationList section */
		D0235CFF2AD3EB4A004437B8 /* Build configuration list for PBXProject "WeatherCheck" */ = {
			isa = XCConfigurationList;
			buildConfigurations = (
				D0235D162AD3EB4C004437B8 /* Debug */,
				D0235D172AD3EB4C004437B8 /* Release */,
			);
			defaultConfigurationIsVisible = 0;
			defaultConfigurationName = Release;
		};
		D0235D182AD3EB4C004437B8 /* Build configuration list for PBXNativeTarget "WeatherCheck" */ = {
			isa = XCConfigurationList;
			buildConfigurations = (
				D0235D192AD3EB4C004437B8 /* Debug */,
				D0235D1A2AD3EB4C004437B8 /* Release */,
			);
			defaultConfigurationIsVisible = 0;
			defaultConfigurationName = Release;
		};
/* End XCConfigurationList section */
	};
	rootObject = D0235CFC2AD3EB4A004437B8 /* Project object */;
}
